
Microsoft Visual Studio Solution File, Format Version 12.00
# Visual Studio Version 17
VisualStudioVersion = 17.14.36301.6 d17.14
MinimumVisualStudioVersion = 10.0.40219.1
Project("{FAE04EC0-301F-11D3-BF4B-00C04F79EFBC}") = "PosDailyMailer", "PosDailyMailer.csproj", "{B2D32277-2A9A-41D7-98C6-3AA1F5BFF0DD}"
EndProject
Global
	GlobalSection(SolutionConfigurationPlatforms) = preSolution
		Debug|Any CPU = Debug|Any CPU
		Release|Any CPU = Release|Any CPU
	EndGlobalSection
	GlobalSection(ProjectConfigurationPlatforms) = postSolution
		{B2D32277-2A9A-41D7-98C6-3AA1F5BFF0DD}.Debug|Any CPU.ActiveCfg = Debug|Any CPU
		{B2D32277-2A9A-41D7-98C6-3AA1F5BFF0DD}.Debug|Any CPU.Build.0 = Debug|Any CPU
		{B2D32277-2A9A-41D7-98C6-3AA1F5BFF0DD}.Release|Any CPU.ActiveCfg = Release|Any CPU
		{B2D32277-2A9A-41D7-98C6-3AA1F5BFF0DD}.Release|Any CPU.Build.0 = Release|Any CPU
	EndGlobalSection
	GlobalSection(SolutionProperties) = preSolution
		HideSolutionNode = FALSE
	EndGlobalSection
	GlobalSection(ExtensibilityGlobals) = postSolution
		SolutionGuid = {F56FB92D-7E08-4476-B3C8-E049E2095777}
	EndGlobalSection
EndGlobal
